<?xml version="1.0" encoding="utf-8"?>
<Project ToolsVersion="4.0" xmlns="http://schemas.microsoft.com/developer/msbuild/2003">
  <ItemGroup>
    <Filter Include="Source Files">
      <UniqueIdentifier>{4FC737F1-C7A5-4376-A066-2A32D752A2FF}</UniqueIdentifier>
      <Extensions>cpp;c;cc;cxx;def;odl;idl;hpj;bat;asm;asmx</Extensions>
    </Filter>
    <Filter Include="Header Files">
      <UniqueIdentifier>{93995380-89BD-4b04-88EB-625FBE52EBFB}</UniqueIdentifier>
      <Extensions>h;hh;hpp;hxx;hm;inl;inc;xsd</Extensions>
    </Filter>
    <Filter Include="Resource Files">
      <UniqueIdentifier>{67DA6AB6-F800-4c08-8B7A-83BB121AAD01}</UniqueIdentifier>
      <Extensions>rc;ico;cur;bmp;dlg;rc2;rct;bin;rgs;gif;jpg;jpeg;jpe;resx;tiff;tif;png;wav;mfcribbon-ms</Extensions>
    </Filter>
    <Filter Include="Defines">
      <UniqueIdentifier>{ae7f61c8-9e09-41ee-acb5-dfdf4f277107}</UniqueIdentifier>
    </Filter>
  </ItemGroup>
  <ItemGroup>
    <Text Include="ReadMe.txt" />
  </ItemGroup>
  <ItemGroup>
    <ClInclude Include="HeuristicBase.h">
      <Filter>Header Files</Filter>
    </ClInclude>
    <ClInclude Include="..\AI_Template\include\ai\defines.h">
      <Filter>Defines</Filter>
    </ClInclude>
    <ClInclude Include="GameState.h">
      <Filter>Header Files</Filter>
    </ClInclude>
    <ClInclude Include="Pos2D.h">
      <Filter>Header Files</Filter>
    </ClInclude>
    <ClInclude Include="BiconnectedComponents.h">
      <Filter>Header Files</Filter>
    </ClInclude>
    <ClInclude Include="StaticFunctions.h">
      <Filter>Header Files</Filter>
    </ClInclude>
    <ClInclude Include="TranspositionTable.h">
      <Filter>Header Files</Filter>
    </ClInclude>
    <ClInclude Include="SearchEngine.h">
      <Filter>Header Files</Filter>
    </ClInclude>
    <ClInclude Include="MyTimer.h">
      <Filter>Header Files</Filter>
    </ClInclude>
    <ClInclude Include="BiconnectedComponentsOutput.h">
      <Filter>Header Files</Filter>
    </ClInclude>
    <ClInclude Include="ArticulationPoints.h">
      <Filter>Header Files</Filter>
    </ClInclude>
    <ClInclude Include="MyAI.h">
      <Filter>Header Files</Filter>
    </ClInclude>
    <ClInclude Include="mydefine.h">
      <Filter>Defines</Filter>
    </ClInclude>
  </ItemGroup>
  <ItemGroup>
    <ClCompile Include="HeuristicBase.cpp">
      <Filter>Source Files</Filter>
    </ClCompile>
    <ClCompile Include="GameState.cpp">
      <Filter>Source Files</Filter>
    </ClCompile>
    <ClCompile Include="StaticFunctions.cpp">
      <Filter>Source Files</Filter>
    </ClCompile>
    <ClCompile Include="BiconnectedComponents.cpp">
      <Filter>Source Files</Filter>
    </ClCompile>
    <ClCompile Include="TranspositionTable.cpp">
      <Filter>Source Files</Filter>
    </ClCompile>
    <ClCompile Include="SearchEngine.cpp">
      <Filter>Source Files</Filter>
    </ClCompile>
    <ClCompile Include="Pos2D.cpp">
      <Filter>Source Files</Filter>
    </ClCompile>
    <ClCompile Include="MyTimer.cpp">
      <Filter>Source Files</Filter>
    </ClCompile>
    <ClCompile Include="BiconnectedComponentsOutput.cpp">
      <Filter>Source Files</Filter>
    </ClCompile>
    <ClCompile Include="ArticulationPoints.cpp">
      <Filter>Source Files</Filter>
    </ClCompile>
    <ClCompile Include="MyAI.cpp">
      <Filter>Source Files</Filter>
    </ClCompile>
  </ItemGroup>
</Project>